
Microsoft Visual Studio Solution File, Format Version 12.00
# Visual Studio Version 17
VisualStudioVersion = 17.5.002.0
MinimumVisualStudioVersion = 10.0.40219.1
Project("{9A19103F-16F7-4668-BE54-9A1E7A4F7556}") = "RatingService", "RatingService\RatingService.csproj", "{530D2FE3-B9EE-4EFD-9F03-037A19C86E30}"
EndProject
Project("{9A19103F-16F7-4668-BE54-9A1E7A4F7556}") = "RatingService.Tests", "RatingService.Tests\RatingService.Tests.csproj", "{B8807DFD-0611-418E-A5EA-1AF98220E82A}"
EndProject
Global
	GlobalSection(SolutionConfigurationPlatforms) = preSolution
		Debug|Any CPU = Debug|Any CPU
		Release|Any CPU = Release|Any CPU
	EndGlobalSection
	GlobalSection(ProjectConfigurationPlatforms) = postSolution
		{530D2FE3-B9EE-4EFD-9F03-037A19C86E30}.Debug|Any CPU.ActiveCfg = Debug|Any CPU
		{530D2FE3-B9EE-4EFD-9F03-037A19C86E30}.Debug|Any CPU.Build.0 = Debug|Any CPU
		{530D2FE3-B9EE-4EFD-9F03-037A19C86E30}.Release|Any CPU.ActiveCfg = Release|Any CPU
		{530D2FE3-B9EE-4EFD-9F03-037A19C86E30}.Release|Any CPU.Build.0 = Release|Any CPU
		{B8807DFD-0611-418E-A5EA-1AF98220E82A}.Debug|Any CPU.ActiveCfg = Debug|Any CPU
		{B8807DFD-0611-418E-A5EA-1AF98220E82A}.Debug|Any CPU.Build.0 = Debug|Any CPU
		{B8807DFD-0611-418E-A5EA-1AF98220E82A}.Release|Any CPU.ActiveCfg = Release|Any CPU
		{B8807DFD-0611-418E-A5EA-1AF98220E82A}.Release|Any CPU.Build.0 = Release|Any CPU
	EndGlobalSection
	GlobalSection(SolutionProperties) = preSolution
		HideSolutionNode = FALSE
	EndGlobalSection
	GlobalSection(ExtensibilityGlobals) = postSolution
		SolutionGuid = {BE519246-8F66-40D0-A625-7336C442C7CB}
	EndGlobalSection
EndGlobal
